
Microsoft Visual Studio Solution File, Format Version 12.00
# Visual Studio Version 16
VisualStudioVersion = 16.0.30611.23
MinimumVisualStudioVersion = 15.0.26124.0
Project("{FAE04EC0-301F-11D3-BF4B-00C04F79EFBC}") = "Avtomatizaciya_zakupki2.Objects", "Objects/Avtomatizaciya_zakupki2.Objects.csproj", "04d6abf3-92ba-450d-9c7b-2749ddcd504d"
EndProject
Project("{FAE04EC0-301F-11D3-BF4B-00C04F79EFBC}") = "Avtomatizaciya_zakupki2.Tests", "Tests/Avtomatizaciya_zakupki2.Tests.csproj", "2c7937d3-f3cb-468a-a130-da72d6906b87"
EndProject
Project("{FAE04EC0-301F-11D3-BF4B-00C04F79EFBC}") = "Avtomatizaciya_zakupki2.ODataBackend", "ODataBackend/Avtomatizaciya_zakupki2.ODataBackend.csproj", "da1e713f-8772-4767-8bdd-7d64c4c1eef7"
EndProject
Project("{FAE04EC0-301F-11D3-BF4B-00C04F79EFBC}") = "Avtomatizaciya_zakupki2.IntegrationTests", "IntegrationTests/Avtomatizaciya_zakupki2.IntegrationTests.csproj", "372b1174-f3bd-4323-b633-fd581f03f803"
EndProject
Global
	GlobalSection(SolutionConfigurationPlatforms) = preSolution
Debug|Any CPU = Debug|Any CPU
Release|Any CPU = Release|Any CPU
	EndGlobalSection
	GlobalSection(ProjectConfigurationPlatforms) = postSolution
		04d6abf3-92ba-450d-9c7b-2749ddcd504d.Debug|Any CPU.ActiveCfg = Debug|Any CPU
		04d6abf3-92ba-450d-9c7b-2749ddcd504d.Debug|Any CPU.Build.0 = Debug|Any CPU
		04d6abf3-92ba-450d-9c7b-2749ddcd504d.Release|Any CPU.ActiveCfg = Release|Any CPU
		04d6abf3-92ba-450d-9c7b-2749ddcd504d.Release|Any CPU.Build.0 = Release|Any CPU
		2c7937d3-f3cb-468a-a130-da72d6906b87.Debug|Any CPU.ActiveCfg = Debug|Any CPU
		2c7937d3-f3cb-468a-a130-da72d6906b87.Debug|Any CPU.Build.0 = Debug|Any CPU
		2c7937d3-f3cb-468a-a130-da72d6906b87.Release|Any CPU.ActiveCfg = Release|Any CPU
		2c7937d3-f3cb-468a-a130-da72d6906b87.Release|Any CPU.Build.0 = Release|Any CPU
		da1e713f-8772-4767-8bdd-7d64c4c1eef7.Debug|Any CPU.ActiveCfg = Debug|Any CPU
		da1e713f-8772-4767-8bdd-7d64c4c1eef7.Debug|Any CPU.Build.0 = Debug|Any CPU
		da1e713f-8772-4767-8bdd-7d64c4c1eef7.Release|Any CPU.ActiveCfg = Release|Any CPU
		da1e713f-8772-4767-8bdd-7d64c4c1eef7.Release|Any CPU.Build.0 = Release|Any CPU
		372b1174-f3bd-4323-b633-fd581f03f803.Debug|Any CPU.ActiveCfg = Debug|Any CPU
		372b1174-f3bd-4323-b633-fd581f03f803.Debug|Any CPU.Build.0 = Debug|Any CPU
		372b1174-f3bd-4323-b633-fd581f03f803.Release|Any CPU.ActiveCfg = Release|Any CPU
		372b1174-f3bd-4323-b633-fd581f03f803.Release|Any CPU.Build.0 = Release|Any CPU
	EndGlobalSection
	GlobalSection(SolutionProperties) = preSolution
		HideSolutionNode = FALSE
	EndGlobalSection
EndGlobal
